# Generated by pub
# See https://dart.dev/tools/pub/glossary#lockfile
packages:
  _discoveryapis_commons:
    dependency: transitive
    description:
      name: _discoveryapis_commons
      sha256: "9d811b21c7031068325b7e1b493b43b0687fa6c7187fc4a7e43e1f90d23c4547"
      url: "https://pub.dev"
    source: hosted
    version: "0.2.1"
  ai_birdie_image:
    dependency: "direct main"
    description:
      path: "/Users/smitjivani/Developer/ai_birdie_image"
      relative: false
    source: path
    version: "1.0.1"
  archive:
    dependency: transitive
    description:
      name: archive
      sha256: f06332efd7b0886705a929c5d3b52cda4d6d0979627c1dbe9a18fc24becf50ae
      url: "https://pub.dev"
    source: hosted
    version: "2.0.13"
  args:
    dependency: transitive
    description:
      name: args
      sha256: "6ba785824030bc97154264652acfd6a2dc699cd85f6def708fb7534d23ef1348"
      url: "https://pub.dev"
    source: hosted
    version: "1.6.0"
  async:
    dependency: transitive
    description:
      name: async
      sha256: bfe67ef28df125b7dddcea62755991f807aa39a2492a23e1550161692950bbe0
      url: "https://pub.dev"
    source: hosted
    version: "2.10.0"
  audioplayers:
    dependency: "direct main"
    description:
      name: audioplayers
      sha256: c0f2396a28fac0ebcc9afd465395b14f72ba4f310e5fd62506d9bafca31b53fb
      url: "https://pub.dev"
    source: hosted
    version: "0.15.1"
  boolean_selector:
    dependency: transitive
    description:
      name: boolean_selector
      sha256: "6cfb5af12253eaf2b368f07bacc5a80d1301a071c73360d746b7f2e32d762c66"
      url: "https://pub.dev"
    source: hosted
    version: "2.1.1"
  camera:
    dependency: "direct main"
    description:
      name: camera
      sha256: "89bb02becc33ef3a9e3338efa856823592ff5587fa651bd468f25f3a8fb56ad2"
      url: "https://pub.dev"
    source: hosted
    version: "0.5.8+17"
  characters:
    dependency: transitive
    description:
      name: characters
      sha256: e6a326c8af69605aec75ed6c187d06b349707a27fbff8222ca9cc2cff167975c
      url: "https://pub.dev"
    source: hosted
    version: "1.2.1"
  charcode:
    dependency: transitive
    description:
      name: charcode
      sha256: fb98c0f6d12c920a02ee2d998da788bca066ca5f148492b7085ee23372b12306
      url: "https://pub.dev"
    source: hosted
    version: "1.3.1"
  clock:
    dependency: transitive
    description:
      name: clock
      sha256: cb6d7f03e1de671e34607e909a7213e31d7752be4fb66a86d29fe1eb14bfb5cf
      url: "https://pub.dev"
    source: hosted
    version: "1.1.1"
  cloud_firestore:
    dependency: "direct main"
    description:
      name: cloud_firestore
      sha256: "6ebc6526b129173f1c3628eed037db914e8a9f4487c58660e89d9d87aa18eb56"
      url: "https://pub.dev"
    source: hosted
    version: "0.13.7"
  cloud_firestore_platform_interface:
    dependency: transitive
    description:
      name: cloud_firestore_platform_interface
      sha256: fcee07afde6d92d3962de896f1eb84421da9f967acbf2ec7715e3856800a595e
      url: "https://pub.dev"
    source: hosted
    version: "1.1.2"
  cloud_firestore_web:
    dependency: transitive
    description:
      name: cloud_firestore_web
      sha256: "84f1cda13ea742dedd1e0bcee8217f5f8e43c5b16f700e3f600c8592ce5c8970"
      url: "https://pub.dev"
    source: hosted
    version: "0.1.1+2"
  collection:
    dependency: transitive
    description:
      name: collection
      sha256: cfc915e6923fe5ce6e153b0723c753045de46de1b4d63771530504004a45fae0
      url: "https://pub.dev"
    source: hosted
    version: "1.17.0"
  connectivity:
    dependency: "direct main"
    description:
      name: connectivity
      sha256: "63c75e3b899f89b4f3c0ed2aedb1a2833bb04cb141d74718bf8f38b1d23f7a32"
      url: "https://pub.dev"
    source: hosted
    version: "0.4.9+5"
  connectivity_for_web:
    dependency: transitive
    description:
      name: connectivity_for_web
      sha256: a90f39f9e2c9533a189b05596ce2eea9494b61efa34a78f079ba06fa4c50075d
      url: "https://pub.dev"
    source: hosted
    version: "0.3.1+4"
  connectivity_macos:
    dependency: transitive
    description:
      name: connectivity_macos
      sha256: "2ac537281b02e1117f50b154bd5a6b18cb889d6c18e2f415104886e4d2b6549e"
      url: "https://pub.dev"
    source: hosted
    version: "0.1.0+7"
  connectivity_platform_interface:
    dependency: transitive
    description:
      name: connectivity_platform_interface
      sha256: "3e3c0891ec5d22c0e265b0df5743810c91160a30ac4f3327cf04fd24782e8add"
      url: "https://pub.dev"
    source: hosted
    version: "1.0.6"
  convert:
    dependency: transitive
    description:
      name: convert
      sha256: "3fa83bc417e26f1d55814443a603747d48e3cdf55b2f4fea27dea8e9224dcefd"
      url: "https://pub.dev"
    source: hosted
    version: "2.1.1"
  crypto:
    dependency: transitive
    description:
      name: crypto
      sha256: "3ce628f3c6a7144be6c524dbb20ca5af52fa59c850c587bf5e52cd70ece8e7e8"
      url: "https://pub.dev"
    source: hosted
    version: "2.1.5"
  fake_async:
    dependency: transitive
    description:
      name: fake_async
      sha256: "511392330127add0b769b75a987850d136345d9227c6b94c96a04cf4a391bf78"
      url: "https://pub.dev"
    source: hosted
    version: "1.3.1"
  ffi:
    dependency: transitive
    description:
      name: ffi
      sha256: "13a6ccf6a459a125b3fcdb6ec73bd5ff90822e071207c663bfd1f70062d51d18"
      url: "https://pub.dev"
    source: hosted
    version: "1.2.1"
  file:
    dependency: transitive
    description:
      name: file
      sha256: "781811e896666e9a728fd85b13129e32d73f05167a5da1891739f4609c6a8d7d"
      url: "https://pub.dev"
    source: hosted
    version: "5.2.1"
  file_picker:
    dependency: "direct main"
    description:
      name: file_picker
      sha256: "5df80d10da099f1bbb4c924702af1bc8324025a1a36668003bf9d880758869ea"
      url: "https://pub.dev"
    source: hosted
    version: "1.13.3"
  file_picker_platform_interface:
    dependency: transitive
    description:
      name: file_picker_platform_interface
      sha256: fdd0f666cf606bcb9cc6dfac20d72f709ea6cec3289b457da27abeeef02abf0e
      url: "https://pub.dev"
    source: hosted
    version: "1.3.1"
  firebase:
    dependency: transitive
    description:
      name: firebase
      sha256: "587cc00f86bba331e5b033ea85e4cc787d8874e250141de8307c876547236519"
      url: "https://pub.dev"
    source: hosted
    version: "7.3.3"
  firebase_auth:
    dependency: "direct main"
    description:
      name: firebase_auth
      sha256: "23e157157f6c8acd89bd52fdbb110c73ee4d86fb2992c9c7c14ff08349a5ee3a"
      url: "https://pub.dev"
    source: hosted
    version: "0.16.1"
  firebase_auth_platform_interface:
    dependency: transitive
    description:
      name: firebase_auth_platform_interface
      sha256: c1c273ef477e22c566689141232493e65133de78cc1e349cee24894213413648
      url: "https://pub.dev"
    source: hosted
    version: "1.1.8"
  firebase_auth_web:
    dependency: transitive
    description:
      name: firebase_auth_web
      sha256: d166c721143f02579af275ff3bc4b1ed9047d382040c8a9450a36b3f679cfa31
      url: "https://pub.dev"
    source: hosted
    version: "0.1.3+1"
  firebase_core:
    dependency: "direct main"
    description:
      name: firebase_core
      sha256: d523a54af2fbce89ea63fd867c16c6d4aee8d9f220f0c8d0477d8458e882e1b4
      url: "https://pub.dev"
    source: hosted
    version: "0.4.5"
  firebase_core_platform_interface:
    dependency: transitive
    description:
      name: firebase_core_platform_interface
      sha256: fc3a2f1ea9d234ddc0fc2700cc943be09a4e332403491b1cf2f082a47b2e306b
      url: "https://pub.dev"
    source: hosted
    version: "1.0.4"
  firebase_core_web:
    dependency: transitive
    description:
      name: firebase_core_web
      sha256: "6306ab08d30b386e73d8af1d41f93bf59814f96850f527166f324125e600ea4c"
      url: "https://pub.dev"
    source: hosted
    version: "0.1.1+2"
  firebase_image:
    dependency: "direct main"
    description:
      name: firebase_image
      sha256: "0ba8aaac0ee0903131483a7db68cb86800a89334e40f86ca5486362b8cac0925"
      url: "https://pub.dev"
    source: hosted
    version: "0.1.6"
  firebase_storage:
    dependency: "direct main"
    description:
      name: firebase_storage
      sha256: "9e1a1dec1000beafc918579bd5acda01268ebfa415adda620774aae975b60d0d"
      url: "https://pub.dev"
    source: hosted
    version: "3.1.6"
  fixnum:
    dependency: transitive
    description:
      name: fixnum
      sha256: "3b298dacb1898a8f5fddec19388b899b0f13195066b89fa66391e5e92f6c2052"
      url: "https://pub.dev"
    source: hosted
    version: "0.10.11"
  flutter:
    dependency: "direct main"
    description: flutter
    source: sdk
    version: "0.0.0"
  flutter_animation_set:
    dependency: "direct main"
    description:
      name: flutter_animation_set
      sha256: f1bfb570b20347875b8ebc8c1ee923f27e76d333fe33c356aea204645c84fb3a
      url: "https://pub.dev"
    source: hosted
    version: "0.0.4"
  flutter_audio_recorder:
    dependency: "direct main"
    description:
      name: flutter_audio_recorder
      sha256: "3c3dfc3db583401b9a7ea84db264feaf72e2577b4302ca6e2c21c87820354beb"
      url: "https://pub.dev"
    source: hosted
    version: "0.5.5"
  flutter_email_sender:
    dependency: "direct main"
    description:
      name: flutter_email_sender
      sha256: "5fbce296eb900961057e26a9a1fdfbc859bb164ba6fb97d46986c2bfd41cf248"
      url: "https://pub.dev"
    source: hosted
    version: "3.0.1"
  flutter_plugin_android_lifecycle:
    dependency: transitive
    description:
      name: flutter_plugin_android_lifecycle
      sha256: f64fc84e913a3c225588724c811f5f6600562d17fc6f6cea7fda264fc93361ae
      url: "https://pub.dev"
    source: hosted
    version: "1.0.11"
  flutter_staggered_animations:
    dependency: "direct main"
    description:
      name: flutter_staggered_animations
      sha256: d16bfdc44e96b74d425a3232619e09f0fe4d19f1579b52c40af5c306fc740f8b
      url: "https://pub.dev"
    source: hosted
    version: "0.1.3"
  flutter_test:
    dependency: "direct dev"
    description: flutter
    source: sdk
    version: "0.0.0"
  flutter_web_plugins:
    dependency: transitive
    description: flutter
    source: sdk
    version: "0.0.0"
  font_awesome_flutter:
    dependency: "direct main"
    description:
      name: font_awesome_flutter
      sha256: "444af62d91e753b1e221d9f3e2f8df48a995962f33bef77773059cec4dac2c47"
      url: "https://pub.dev"
    source: hosted
    version: "8.12.0"
  google_fonts:
    dependency: "direct main"
    description:
      name: google_fonts
      sha256: fef0a13852ef800c53188b35d559378f445d8cfab24d9c88830eb88e14840900
      url: "https://pub.dev"
    source: hosted
    version: "1.1.2"
  google_sign_in:
    dependency: "direct main"
    description:
      name: google_sign_in
      sha256: c6f137462b5dc72e4796c78d78c45d59b3592e917c5dd0be98865515dd1f6b16
      url: "https://pub.dev"
    source: hosted
    version: "4.5.9"
  google_sign_in_platform_interface:
    dependency: transitive
    description:
      name: google_sign_in_platform_interface
      sha256: "165a7894a45c328c8dc92d0ad055da5786915e8f3616a80be50e1d84800ffd77"
      url: "https://pub.dev"
    source: hosted
    version: "1.1.2"
  google_sign_in_web:
    dependency: transitive
    description:
      name: google_sign_in_web
      sha256: de62ed46d6a8b2e00f2f75c0d604061907c6364dc8e21723b1d793aa239f3b9b
      url: "https://pub.dev"
    source: hosted
    version: "0.9.2"
  googleapis:
    dependency: "direct main"
    description:
      name: googleapis
      sha256: "30216c38d2e02cb7ca8905eaed4e66a1fcaf068b88b0ef244f0cf0d330485ef4"
      url: "https://pub.dev"
    source: hosted
    version: "0.55.0"
  googleapis_auth:
    dependency: "direct main"
    description:
      name: googleapis_auth
      sha256: b3b2d552e4d14031a3f2cae8293a9e42656bb44e7571fdcf63c8e94de927d0ab
      url: "https://pub.dev"
    source: hosted
    version: "0.2.12+1"
  grpc:
    dependency: "direct main"
    description:
      name: grpc
      sha256: dc27159b1d5178c85b705d691ff3c6dc80f2c8ce549c091787662acac97ea22f
      url: "https://pub.dev"
    source: hosted
    version: "2.9.0"
  hex:
    dependency: transitive
    description:
      name: hex
      sha256: "9006daebc3294956b73b6a623131f386cb3b7794cead90af59379cd3857e122c"
      url: "https://pub.dev"
    source: hosted
    version: "0.1.2"
  http:
    dependency: "direct main"
    description:
      name: http
      sha256: "411262398b34f52b9baac4860a1aa6e4779037ba9289c19b4cd16928efa97a2b"
      url: "https://pub.dev"
    source: hosted
    version: "0.12.2"
  http2:
    dependency: transitive
    description:
      name: http2
      sha256: "1ec6710588b4d24e2847f4ffed799b21e66c397f951762a1fa9314e22da1b305"
      url: "https://pub.dev"
    source: hosted
    version: "1.0.1"
  http_parser:
    dependency: transitive
    description:
      name: http_parser
      sha256: "9d2b0626e9e402fc98e6868360da8f256064d6c0b8e4c3edcca5e02fb0b95da9"
      url: "https://pub.dev"
    source: hosted
    version: "3.1.4"
  intl:
    dependency: "direct main"
    description:
      name: intl
      sha256: "4691515bb3f68ebbc4776bc97a84d429bb8e8c141a77b5ab988a4b02adb1747a"
      url: "https://pub.dev"
    source: hosted
    version: "0.16.1"
  js:
    dependency: transitive
    description:
      name: js
      sha256: "5528c2f391ededb7775ec1daa69e65a2d61276f7552de2b5f7b8d34ee9fd4ab7"
      url: "https://pub.dev"
    source: hosted
    version: "0.6.5"
  logging:
    dependency: transitive
    description:
      name: logging
      sha256: "239402c239e2a390cf745af3a496fb985dc8f0b31b3f5fe0d460e42289d33ad7"
      url: "https://pub.dev"
    source: hosted
    version: "0.11.4"
  matcher:
    dependency: transitive
    description:
      name: matcher
      sha256: "16db949ceee371e9b99d22f88fa3a73c4e59fd0afed0bd25fc336eb76c198b72"
      url: "https://pub.dev"
    source: hosted
    version: "0.12.13"
  material_color_utilities:
    dependency: transitive
    description:
      name: material_color_utilities
      sha256: d92141dc6fe1dad30722f9aa826c7fbc896d021d792f80678280601aff8cf724
      url: "https://pub.dev"
    source: hosted
    version: "0.2.0"
  meta:
    dependency: transitive
    description:
      name: meta
      sha256: "6c268b42ed578a53088d834796959e4a1814b5e9e164f147f580a386e5decf42"
      url: "https://pub.dev"
    source: hosted
    version: "1.8.0"
  mime:
    dependency: transitive
    description:
      name: mime
      sha256: "5041f313f4e30fbd70dee7c0403785a4ee270f75830f590e5983960fddf743e4"
      url: "https://pub.dev"
    source: hosted
    version: "0.9.7"
  modal_progress_hud:
    dependency: "direct main"
    description:
      name: modal_progress_hud
      sha256: "798a0e3cc23a23a328d62d673b59bd17bf56f470e35281a3fc38c1db8ae053da"
      url: "https://pub.dev"
    source: hosted
    version: "0.1.3"
  multi_media_picker:
    dependency: "direct main"
    description:
      name: multi_media_picker
      sha256: af6672f672272460a29c74935bb822842a3d7431de385b671bc918d01d4b9a39
      url: "https://pub.dev"
    source: hosted
    version: "0.2.3"
  package_info:
    dependency: "direct main"
    description:
      name: package_info
      sha256: "131eac71f589d1f7c52794ebf300bfc0a52c88ea26a0c89f2bbd90935774b7d6"
      url: "https://pub.dev"
    source: hosted
    version: "0.4.3+4"
  page_transition:
    dependency: "direct main"
    description:
      name: page_transition
      sha256: f97a10deb0487a04e6813100d0404c124527de51e21cc8d21f37431ec80c6c66
      url: "https://pub.dev"
    source: hosted
    version: "1.1.7+6"
  path:
    dependency: "direct main"
    description:
      name: path
      sha256: db9d4f58c908a4ba5953fcee2ae317c94889433e5024c27ce74a37f94267945b
      url: "https://pub.dev"
    source: hosted
    version: "1.8.2"
  path_provider:
    dependency: "direct main"
    description:
      name: path_provider
      sha256: "90ea926097957ffbcb5381fdd7de76f6d5326fcd4689f07d8d4ee42b4040fa85"
      url: "https://pub.dev"
    source: hosted
    version: "1.6.28"
  path_provider_linux:
    dependency: transitive
    description:
      name: path_provider_linux
      sha256: "739b008776d4377ef8945db2d6f42d17ad7a280f0d0cdf961de26a69ea3964e5"
      url: "https://pub.dev"
    source: hosted
    version: "0.0.1+2"
  path_provider_macos:
    dependency: transitive
    description:
      name: path_provider_macos
      sha256: "4dd2f608f51cb62c1e76c4434c89cc98c010345d315e79d8cb4f41ebcac3c119"
      url: "https://pub.dev"
    source: hosted
    version: "0.0.4+8"
  path_provider_platform_interface:
    dependency: transitive
    description:
      name: path_provider_platform_interface
      sha256: e06b2d369e0eb863cf0c4876d0fb6943846876f7e51b2752059a5c6b05bf5354
      url: "https://pub.dev"
    source: hosted
    version: "1.0.4"
  path_provider_windows:
    dependency: transitive
    description:
      name: path_provider_windows
      sha256: "16dfc776bde4b7952901316ca518780dbd3758777152eb9632958008e0338d54"
      url: "https://pub.dev"
    source: hosted
    version: "0.0.5"
  pedantic:
    dependency: transitive
    description:
      name: pedantic
      sha256: "67fc27ed9639506c856c840ccce7594d0bdcd91bc8d53d6e52359449a1d50602"
      url: "https://pub.dev"
    source: hosted
    version: "1.11.1"
  permission_handler:
    dependency: "direct main"
    description:
      name: permission_handler
      sha256: fb4666087528b1cbf91d98771cf50b14f36f4d8756ec7e7a8629dd3cb55442b7
      url: "https://pub.dev"
    source: hosted
    version: "5.1.0+2"
  permission_handler_platform_interface:
    dependency: transitive
    description:
      name: permission_handler_platform_interface
      sha256: f7e3c798f7c4dd215e4ca8843695b3a63a5b79c9aa04f296d316f13a15d518ba
      url: "https://pub.dev"
    source: hosted
    version: "2.0.2"
  platform:
    dependency: transitive
    description:
      name: platform
      sha256: "4a451831508d7d6ca779f7ac6e212b4023dd5a7d08a27a63da33756410e32b76"
      url: "https://pub.dev"
    source: hosted
    version: "3.1.0"
  plugin_platform_interface:
    dependency: transitive
    description:
      name: plugin_platform_interface
      sha256: c3ebbff365bfb1b5f7b690c9857d2dabea167f35b05eb7586186499b407efb37
      url: "https://pub.dev"
    source: hosted
    version: "1.0.3"
  process:
    dependency: transitive
    description:
      name: process
      sha256: "6ae4895f82db61b3011d9a32517bc9f604c28833cfc765e63dbf134758f6290c"
      url: "https://pub.dev"
    source: hosted
    version: "3.0.13"
  protobuf:
    dependency: "direct main"
    description:
      name: protobuf
      sha256: "1f818f8f5de28e551cfc2a993c5a31a7f534618345654c904e203c0112abed55"
      url: "https://pub.dev"
    source: hosted
    version: "1.1.4"
  quiver:
    dependency: transitive
    description:
      name: quiver
      sha256: e83f7ad1e6375da1400b54eea8793bba804d1731d68c5694490bf9296cd3ca24
      url: "https://pub.dev"
    source: hosted
    version: "2.1.5"
  requests:
    dependency: "direct main"
    description:
      name: requests
      sha256: aa6236b5565f35bba5d89953161391b4b2c75a58a204a193c267c459ca988cde
      url: "https://pub.dev"
    source: hosted
    version: "3.3.0"
  rflutter_alert:
    dependency: "direct main"
    description:
      name: rflutter_alert
      sha256: "75564968a131be85b82d2fba07afebf71a66c0a397775679b548f756ac0016f7"
      url: "https://pub.dev"
    source: hosted
    version: "1.1.0"
  rxdart:
    dependency: "direct main"
    description:
      name: rxdart
      sha256: "0beed4211050b09650da49fedc3a18dedf8601ba8ce041d7ce06db73cb2aa97e"
      url: "https://pub.dev"
    source: hosted
    version: "0.24.1"
  share:
    dependency: "direct main"
    description:
      name: share
      sha256: fc1647d0c3a8eb648dc6d91d2207e7976c1d941e2165a09cba7c805b0c24467e
      url: "https://pub.dev"
    source: hosted
    version: "0.6.5+4"
  shared_preferences:
    dependency: "direct main"
    description:
      name: shared_preferences
      sha256: "37933bcbf85712b429f5c09c922eda205946367f8f0e005e2d4c5973c6254a38"
      url: "https://pub.dev"
    source: hosted
    version: "0.5.12+4"
  shared_preferences_linux:
    dependency: transitive
    description:
      name: shared_preferences_linux
      sha256: "36c465d8a7af4a8cddd39efec282f6e52988ccad6bdc96571e53ed6a5b0d7f95"
      url: "https://pub.dev"
    source: hosted
    version: "0.0.2+4"
  shared_preferences_macos:
    dependency: transitive
    description:
      name: shared_preferences_macos
      sha256: "1e66de5365055e1c7a47ea10d77bcc96330041f168bbbdf7a2bfdd4381667901"
      url: "https://pub.dev"
    source: hosted
    version: "0.0.1+11"
  shared_preferences_platform_interface:
    dependency: transitive
    description:
      name: shared_preferences_platform_interface
      sha256: "10958ff09d5b0caaf199fdc436b3433cb9f7491e5f71e4b3d98b451edfee34f4"
      url: "https://pub.dev"
    source: hosted
    version: "1.0.4"
  shared_preferences_web:
    dependency: transitive
    description:
      name: shared_preferences_web
      sha256: "345b8f659aa4aedaabc3665a63f563c62b08dc209dd23304bc155d69ebcd388d"
      url: "https://pub.dev"
    source: hosted
    version: "0.1.2+7"
  shared_preferences_windows:
    dependency: transitive
    description:
      name: shared_preferences_windows
      sha256: d6a5ce5dd784ed5b8e831dfb844a929c313cc81ba942989f361afeda075725fa
      url: "https://pub.dev"
    source: hosted
    version: "0.0.2+3"
  sky_engine:
    dependency: transitive
    description: flutter
    source: sdk
    version: "0.0.99"
  source_span:
    dependency: transitive
    description:
      name: source_span
      sha256: dd904f795d4b4f3b870833847c461801f6750a9fa8e61ea5ac53f9422b31f250
      url: "https://pub.dev"
    source: hosted
    version: "1.9.1"
  sqflite:
    dependency: transitive
    description:
      name: sqflite
      sha256: "00f32a183fd9410b7d221a5106fec2cfc34b72d15ce694ee4da9c12e235cc2a4"
      url: "https://pub.dev"
    source: hosted
    version: "1.3.2+4"
  sqflite_common:
    dependency: transitive
    description:
      name: sqflite_common
      sha256: cd2c3caf1cdfd79bbf5787e3a95983e43d19584784df2e6dd1863673497a791f
      url: "https://pub.dev"
    source: hosted
    version: "1.0.3+3"
  stack_trace:
    dependency: transitive
    description:
      name: stack_trace
      sha256: c3c7d8edb15bee7f0f74debd4b9c5f3c2ea86766fe4178eb2a18eb30a0bdaed5
      url: "https://pub.dev"
    source: hosted
    version: "1.11.0"
  stream_channel:
    dependency: transitive
    description:
      name: stream_channel
      sha256: "83615bee9045c1d322bbbd1ba209b7a749c2cbcdcb3fdd1df8eb488b3279c1c8"
      url: "https://pub.dev"
    source: hosted
    version: "2.1.1"
  string_scanner:
    dependency: transitive
    description:
      name: string_scanner
      sha256: "556692adab6cfa87322a115640c11f13cb77b3f076ddcc5d6ae3c20242bedcde"
      url: "https://pub.dev"
    source: hosted
    version: "1.2.0"
  synchronized:
    dependency: transitive
    description:
      name: synchronized
      sha256: "294228ee6183405c4053a60e8b47c22956da37c92fd410c89ddf0279c188f735"
      url: "https://pub.dev"
    source: hosted
    version: "2.2.0+2"
  term_glyph:
    dependency: transitive
    description:
      name: term_glyph
      sha256: a29248a84fbb7c79282b40b8c72a1209db169a2e0542bce341da992fe1bc7e84
      url: "https://pub.dev"
    source: hosted
    version: "1.2.1"
  test_api:
    dependency: transitive
    description:
      name: test_api
      sha256: ad540f65f92caa91bf21dfc8ffb8c589d6e4dc0c2267818b4cc2792857706206
      url: "https://pub.dev"
    source: hosted
    version: "0.4.16"
  timer_builder:
    dependency: "direct main"
    description:
      name: timer_builder
      sha256: af89c83d6b322faf282e2f63b55f4ca9369e7c4456e8236963b4e873543074ac
      url: "https://pub.dev"
    source: hosted
    version: "1.3.0"
  typed_data:
    dependency: transitive
    description:
      name: typed_data
      sha256: "26f87ade979c47a150c9eaab93ccd2bebe70a27dc0b4b29517f2904f04eb11a5"
      url: "https://pub.dev"
    source: hosted
    version: "1.3.1"
  url_launcher:
    dependency: "direct main"
    description:
      name: url_launcher
      sha256: e1e0c46fcd777c0f0bd7f4541b747c28ad4e925f93344cebf667ef76c695533a
      url: "https://pub.dev"
    source: hosted
    version: "5.7.10"
  url_launcher_linux:
    dependency: transitive
    description:
      name: url_launcher_linux
      sha256: c489023cdd864a19c0be63bb3796bec21ea4bc16bfe09568953f1828e02151c9
      url: "https://pub.dev"
    source: hosted
    version: "0.0.1+4"
  url_launcher_macos:
    dependency: transitive
    description:
      name: url_launcher_macos
      sha256: be04eac5076414469027ce068c360478c3e56e43205bb7efaaa61cbdd3ba890d
      url: "https://pub.dev"
    source: hosted
    version: "0.0.1+9"
  url_launcher_platform_interface:
    dependency: transitive
    description:
      name: url_launcher_platform_interface
      sha256: c6bd00f46e8c348703d0ae691850eb2052be8e1338dc3ae6f72af53b962da157
      url: "https://pub.dev"
    source: hosted
    version: "1.0.9"
  url_launcher_web:
    dependency: transitive
    description:
      name: url_launcher_web
      sha256: eaa6de8ac353681794533edcedd69dd8b39ed987bf2360d172185eff8283dbc2
      url: "https://pub.dev"
    source: hosted
    version: "0.1.5+3"
  url_launcher_windows:
    dependency: transitive
    description:
      name: url_launcher_windows
      sha256: "034479b1dafd8f01de81267d8117eb5ae019e0dddcc23f4b14ed31253a2635d9"
      url: "https://pub.dev"
    source: hosted
    version: "0.0.1+3"
  uuid:
    dependency: transitive
    description:
      name: uuid
      sha256: bd96a5d86e807b44cac699f9735ef29d1e3354a96f4b2f7152000bae4c6d81b0
      url: "https://pub.dev"
    source: hosted
    version: "2.2.2"
  vector_math:
    dependency: transitive
    description:
      name: vector_math
      sha256: "80b3257d1492ce4d091729e3a67a60407d227c27241d6927be0130c98e741803"
      url: "https://pub.dev"
    source: hosted
    version: "2.1.4"
  video_player:
    dependency: transitive
    description:
      name: video_player
      sha256: "474a32082d4090de451da25ddea7a02e900fe6f4f424c9f8a82c5164ae194f27"
      url: "https://pub.dev"
    source: hosted
    version: "0.10.12+5"
  video_player_platform_interface:
    dependency: transitive
    description:
      name: video_player_platform_interface
      sha256: bb4802458d45af51566048bcacd4977e2fbc1539bc6aa683893e8c82d009fa9c
      url: "https://pub.dev"
    source: hosted
    version: "2.2.0"
  video_player_web:
    dependency: transitive
    description:
      name: video_player_web
      sha256: "1b0fb9d61cc7dc4e4a79c1ca9d1903ba97bb1b8571868262184e9190babb1241"
      url: "https://pub.dev"
    source: hosted
    version: "0.1.4+1"
  win32:
    dependency: transitive
    description:
      name: win32
      sha256: c0e3a4f7be7dae51d8f152230b86627e3397c1ba8c3fa58e63d44a9f3edc9cef
      url: "https://pub.dev"
    source: hosted
    version: "2.6.1"
  xdg_directories:
    dependency: transitive
    description:
      name: xdg_directories
      sha256: "864af550b70b87218770f8d7efd2814c38a3d6cf7103f245cc5413da0df3aee2"
      url: "https://pub.dev"
    source: hosted
    version: "0.1.2"
sdks:
  dart: ">=2.18.0 <3.0.0"
  flutter: ">=1.22.2"
